
Microsoft Visual Studio Solution File, Format Version 10.00
# Visual Studio 2008
Project("{8BC9CEB8-8B4A-11D0-8D11-00A0C91BC942}") = "avi", "winbuild\avi.vcproj", "{558D1575-11FF-43BD-AC25-A322D4B98768}"
EndProject
Project("{8BC9CEB8-8B4A-11D0-8D11-00A0C91BC942}") = "common", "winbuild\common.vcproj", "{4BF3EC89-DA1B-4B2A-8E78-0975817F6AE6}"
EndProject
Project("{8BC9CEB8-8B4A-11D0-8D11-00A0C91BC942}") = "extract", "winbuild\extract.vcproj", "{22B6154B-74DB-4F8A-B003-A08DFFEDA41B}"
	ProjectSection(ProjectDependencies) = postProject
		{00E9AB0B-50E2-4C1F-A154-A52521BDF00C} = {00E9AB0B-50E2-4C1F-A154-A52521BDF00C}
		{7A425D27-ED62-44D8-B559-73AB7081D903} = {7A425D27-ED62-44D8-B559-73AB7081D903}
		{7FCFA753-F0F0-4994-8092-C7BA0D8C734A} = {7FCFA753-F0F0-4994-8092-C7BA0D8C734A}
		{558D1575-11FF-43BD-AC25-A322D4B98768} = {558D1575-11FF-43BD-AC25-A322D4B98768}
		{4BF3EC89-DA1B-4B2A-8E78-0975817F6AE6} = {4BF3EC89-DA1B-4B2A-8E78-0975817F6AE6}
		{21F41CA6-ECCE-49D5-BE1F-C881E0B5F419} = {21F41CA6-ECCE-49D5-BE1F-C881E0B5F419}
	EndProjectSection
EndProject
Project("{8BC9CEB8-8B4A-11D0-8D11-00A0C91BC942}") = "info", "winbuild\info.vcproj", "{A21C1F62-F708-47F7-81BC-5F9B9E9AC6F1}"
	ProjectSection(ProjectDependencies) = postProject
		{00E9AB0B-50E2-4C1F-A154-A52521BDF00C} = {00E9AB0B-50E2-4C1F-A154-A52521BDF00C}
		{7A425D27-ED62-44D8-B559-73AB7081D903} = {7A425D27-ED62-44D8-B559-73AB7081D903}
		{7FCFA753-F0F0-4994-8092-C7BA0D8C734A} = {7FCFA753-F0F0-4994-8092-C7BA0D8C734A}
		{558D1575-11FF-43BD-AC25-A322D4B98768} = {558D1575-11FF-43BD-AC25-A322D4B98768}
		{4BF3EC89-DA1B-4B2A-8E78-0975817F6AE6} = {4BF3EC89-DA1B-4B2A-8E78-0975817F6AE6}
		{21F41CA6-ECCE-49D5-BE1F-C881E0B5F419} = {21F41CA6-ECCE-49D5-BE1F-C881E0B5F419}
	EndProjectSection
EndProject
Project("{8BC9CEB8-8B4A-11D0-8D11-00A0C91BC942}") = "merge", "winbuild\merge.vcproj", "{FA992159-3106-4ECF-AE39-D47D150BCFD3}"
	ProjectSection(ProjectDependencies) = postProject
		{00E9AB0B-50E2-4C1F-A154-A52521BDF00C} = {00E9AB0B-50E2-4C1F-A154-A52521BDF00C}
		{7A425D27-ED62-44D8-B559-73AB7081D903} = {7A425D27-ED62-44D8-B559-73AB7081D903}
		{7FCFA753-F0F0-4994-8092-C7BA0D8C734A} = {7FCFA753-F0F0-4994-8092-C7BA0D8C734A}
		{558D1575-11FF-43BD-AC25-A322D4B98768} = {558D1575-11FF-43BD-AC25-A322D4B98768}
		{4BF3EC89-DA1B-4B2A-8E78-0975817F6AE6} = {4BF3EC89-DA1B-4B2A-8E78-0975817F6AE6}
		{21F41CA6-ECCE-49D5-BE1F-C881E0B5F419} = {21F41CA6-ECCE-49D5-BE1F-C881E0B5F419}
	EndProjectSection
EndProject
Project("{8BC9CEB8-8B4A-11D0-8D11-00A0C91BC942}") = "input", "winbuild\input.vcproj", "{21F41CA6-ECCE-49D5-BE1F-C881E0B5F419}"
EndProject
Project("{8BC9CEB8-8B4A-11D0-8D11-00A0C91BC942}") = "mpegparser", "winbuild\mpegparser.vcproj", "{7A425D27-ED62-44D8-B559-73AB7081D903}"
EndProject
Project("{8BC9CEB8-8B4A-11D0-8D11-00A0C91BC942}") = "output", "winbuild\output.vcproj", "{7FCFA753-F0F0-4994-8092-C7BA0D8C734A}"
EndProject
Project("{8BC9CEB8-8B4A-11D0-8D11-00A0C91BC942}") = "propedit", "winbuild\propedit.vcproj", "{8C87465E-4BB3-4020-83DD-88D08F035B36}"
	ProjectSection(ProjectDependencies) = postProject
		{00E9AB0B-50E2-4C1F-A154-A52521BDF00C} = {00E9AB0B-50E2-4C1F-A154-A52521BDF00C}
		{7A425D27-ED62-44D8-B559-73AB7081D903} = {7A425D27-ED62-44D8-B559-73AB7081D903}
		{7FCFA753-F0F0-4994-8092-C7BA0D8C734A} = {7FCFA753-F0F0-4994-8092-C7BA0D8C734A}
		{558D1575-11FF-43BD-AC25-A322D4B98768} = {558D1575-11FF-43BD-AC25-A322D4B98768}
		{4BF3EC89-DA1B-4B2A-8E78-0975817F6AE6} = {4BF3EC89-DA1B-4B2A-8E78-0975817F6AE6}
		{21F41CA6-ECCE-49D5-BE1F-C881E0B5F419} = {21F41CA6-ECCE-49D5-BE1F-C881E0B5F419}
	EndProjectSection
EndProject
Project("{8BC9CEB8-8B4A-11D0-8D11-00A0C91BC942}") = "rmff", "winbuild\rmff.vcproj", "{00E9AB0B-50E2-4C1F-A154-A52521BDF00C}"
EndProject
Project("{8BC9CEB8-8B4A-11D0-8D11-00A0C91BC942}") = "trim", "winbuild\trim.vcproj", "{3A2F9511-2EDD-4639-91A4-A054A9590624}"
	ProjectSection(ProjectDependencies) = postProject
		{00E9AB0B-50E2-4C1F-A154-A52521BDF00C} = {00E9AB0B-50E2-4C1F-A154-A52521BDF00C}
		{7A425D27-ED62-44D8-B559-73AB7081D903} = {7A425D27-ED62-44D8-B559-73AB7081D903}
		{7FCFA753-F0F0-4994-8092-C7BA0D8C734A} = {7FCFA753-F0F0-4994-8092-C7BA0D8C734A}
		{558D1575-11FF-43BD-AC25-A322D4B98768} = {558D1575-11FF-43BD-AC25-A322D4B98768}
		{4BF3EC89-DA1B-4B2A-8E78-0975817F6AE6} = {4BF3EC89-DA1B-4B2A-8E78-0975817F6AE6}
		{21F41CA6-ECCE-49D5-BE1F-C881E0B5F419} = {21F41CA6-ECCE-49D5-BE1F-C881E0B5F419}
	EndProjectSection
EndProject
Global
	GlobalSection(SolutionConfigurationPlatforms) = preSolution
		Debug|Win32 = Debug|Win32
		Release|Win32 = Release|Win32
	EndGlobalSection
	GlobalSection(ProjectConfigurationPlatforms) = postSolution
		{558D1575-11FF-43BD-AC25-A322D4B98768}.Debug|Win32.ActiveCfg = Debug|Win32
		{558D1575-11FF-43BD-AC25-A322D4B98768}.Debug|Win32.Build.0 = Debug|Win32
		{558D1575-11FF-43BD-AC25-A322D4B98768}.Release|Win32.ActiveCfg = Release|Win32
		{558D1575-11FF-43BD-AC25-A322D4B98768}.Release|Win32.Build.0 = Release|Win32
		{4BF3EC89-DA1B-4B2A-8E78-0975817F6AE6}.Debug|Win32.ActiveCfg = Debug|Win32
		{4BF3EC89-DA1B-4B2A-8E78-0975817F6AE6}.Debug|Win32.Build.0 = Debug|Win32
		{4BF3EC89-DA1B-4B2A-8E78-0975817F6AE6}.Release|Win32.ActiveCfg = Release|Win32
		{4BF3EC89-DA1B-4B2A-8E78-0975817F6AE6}.Release|Win32.Build.0 = Release|Win32
		{22B6154B-74DB-4F8A-B003-A08DFFEDA41B}.Debug|Win32.ActiveCfg = Debug|Win32
		{22B6154B-74DB-4F8A-B003-A08DFFEDA41B}.Debug|Win32.Build.0 = Debug|Win32
		{22B6154B-74DB-4F8A-B003-A08DFFEDA41B}.Release|Win32.ActiveCfg = Release|Win32
		{22B6154B-74DB-4F8A-B003-A08DFFEDA41B}.Release|Win32.Build.0 = Release|Win32
		{A21C1F62-F708-47F7-81BC-5F9B9E9AC6F1}.Debug|Win32.ActiveCfg = Debug|Win32
		{A21C1F62-F708-47F7-81BC-5F9B9E9AC6F1}.Debug|Win32.Build.0 = Debug|Win32
		{A21C1F62-F708-47F7-81BC-5F9B9E9AC6F1}.Release|Win32.ActiveCfg = Release|Win32
		{A21C1F62-F708-47F7-81BC-5F9B9E9AC6F1}.Release|Win32.Build.0 = Release|Win32
		{FA992159-3106-4ECF-AE39-D47D150BCFD3}.Debug|Win32.ActiveCfg = Debug|Win32
		{FA992159-3106-4ECF-AE39-D47D150BCFD3}.Debug|Win32.Build.0 = Debug|Win32
		{FA992159-3106-4ECF-AE39-D47D150BCFD3}.Release|Win32.ActiveCfg = Release|Win32
		{FA992159-3106-4ECF-AE39-D47D150BCFD3}.Release|Win32.Build.0 = Release|Win32
		{21F41CA6-ECCE-49D5-BE1F-C881E0B5F419}.Debug|Win32.ActiveCfg = Debug|Win32
		{21F41CA6-ECCE-49D5-BE1F-C881E0B5F419}.Debug|Win32.Build.0 = Debug|Win32
		{21F41CA6-ECCE-49D5-BE1F-C881E0B5F419}.Release|Win32.ActiveCfg = Release|Win32
		{21F41CA6-ECCE-49D5-BE1F-C881E0B5F419}.Release|Win32.Build.0 = Release|Win32
		{7A425D27-ED62-44D8-B559-73AB7081D903}.Debug|Win32.ActiveCfg = Debug|Win32
		{7A425D27-ED62-44D8-B559-73AB7081D903}.Debug|Win32.Build.0 = Debug|Win32
		{7A425D27-ED62-44D8-B559-73AB7081D903}.Release|Win32.ActiveCfg = Release|Win32
		{7A425D27-ED62-44D8-B559-73AB7081D903}.Release|Win32.Build.0 = Release|Win32
		{7FCFA753-F0F0-4994-8092-C7BA0D8C734A}.Debug|Win32.ActiveCfg = Debug|Win32
		{7FCFA753-F0F0-4994-8092-C7BA0D8C734A}.Debug|Win32.Build.0 = Debug|Win32
		{7FCFA753-F0F0-4994-8092-C7BA0D8C734A}.Release|Win32.ActiveCfg = Release|Win32
		{7FCFA753-F0F0-4994-8092-C7BA0D8C734A}.Release|Win32.Build.0 = Release|Win32
		{8C87465E-4BB3-4020-83DD-88D08F035B36}.Debug|Win32.ActiveCfg = Debug|Win32
		{8C87465E-4BB3-4020-83DD-88D08F035B36}.Debug|Win32.Build.0 = Debug|Win32
		{8C87465E-4BB3-4020-83DD-88D08F035B36}.Release|Win32.ActiveCfg = Release|Win32
		{8C87465E-4BB3-4020-83DD-88D08F035B36}.Release|Win32.Build.0 = Release|Win32
		{00E9AB0B-50E2-4C1F-A154-A52521BDF00C}.Debug|Win32.ActiveCfg = Debug|Win32
		{00E9AB0B-50E2-4C1F-A154-A52521BDF00C}.Debug|Win32.Build.0 = Debug|Win32
		{00E9AB0B-50E2-4C1F-A154-A52521BDF00C}.Release|Win32.ActiveCfg = Release|Win32
		{00E9AB0B-50E2-4C1F-A154-A52521BDF00C}.Release|Win32.Build.0 = Release|Win32
		{3A2F9511-2EDD-4639-91A4-A054A9590624}.Debug|Win32.ActiveCfg = Debug|Win32
		{3A2F9511-2EDD-4639-91A4-A054A9590624}.Debug|Win32.Build.0 = Debug|Win32
		{3A2F9511-2EDD-4639-91A4-A054A9590624}.Release|Win32.ActiveCfg = Release|Win32
		{3A2F9511-2EDD-4639-91A4-A054A9590624}.Release|Win32.Build.0 = Release|Win32
	EndGlobalSection
	GlobalSection(SolutionProperties) = preSolution
		HideSolutionNode = FALSE
	EndGlobalSection
EndGlobal
